// !$*UTF8*$!
{
	archiveVersion = 1;
	classes = {
	};
	objectVersion = 56;
	objects = {

/* Begin PBXBuildFile section */
		473CFB5D2A2DD8630076F5DD /* RTSPPlayerSUIApp.swift in Sources */ = {isa = PBXBuildFile; fileRef = 473CFB5C2A2DD8630076F5DD /* RTSPPlayerSUIApp.swift */; };
		473CFB5F2A2DD8630076F5DD /* URLListView.swift in Sources */ = {isa = PBXBuildFile; fileRef = 473CFB5E2A2DD8630076F5DD /* URLListView.swift */; };
		473CFB612A2DD8650076F5DD /* Assets.xcassets in Resources */ = {isa = PBXBuildFile; fileRef = 473CFB602A2DD8650076F5DD /* Assets.xcassets */; };
		473CFB652A2DD8650076F5DD /* Preview Assets.xcassets in Resources */ = {isa = PBXBuildFile; fileRef = 473CFB642A2DD8650076F5DD /* Preview Assets.xcassets */; };
		473CFB6C2A2DD8750076F5DD /* UD.swift in Sources */ = {isa = PBXBuildFile; fileRef = 473CFB6B2A2DD8750076F5DD /* UD.swift */; };
		473CFB842A2E38990076F5DD /* Utils.swift in Sources */ = {isa = PBXBuildFile; fileRef = 473CFB832A2E38990076F5DD /* Utils.swift */; };
		473CFB892A2E488E0076F5DD /* VLCKitSPM in Frameworks */ = {isa = PBXBuildFile; productRef = 473CFB882A2E488E0076F5DD /* VLCKitSPM */; settings = {ATTRIBUTES = (Required, ); }; };
		473CFB8B2A2E49760076F5DD /* VLCPlayerView.swift in Sources */ = {isa = PBXBuildFile; fileRef = 473CFB8A2A2E49760076F5DD /* VLCPlayerView.swift */; };
		8658465D2D82B46200A80542 /* StreamView.swift in Sources */ = {isa = PBXBuildFile; fileRef = 8658465C2D82B45C00A80542 /* StreamView.swift */; };
		866525CA2F6FC67A00A4B9B6 /* SettingsView.swift in Sources */ = {isa = PBXBuildFile; fileRef = 866525C92F6FC67400A4B9B6 /* SettingsView.swift */; };
		866525CC2F6FCB2E00A4B9B6 /* SettingsVC.swift in Sources */ = {isa = PBXBuildFile; fileRef = 866525CB2F6FCB2A00A4B9B6 /* SettingsVC.swift */; };
		86C080FF2E3B476C00D48056 /* FFmpegKit in Frameworks */ = {isa = PBXBuildFile; productRef = 86C080FE2E3B476C00D48056 /* FFmpegKit */; };
		86C081012E3B476C00D48056 /* LibMPV in Frameworks */ = {isa = PBXBuildFile; productRef = 86C081002E3B476C00D48056 /* LibMPV */; };
		86C081032E3B476C00D48056 /* Libffmpeg in Frameworks */ = {isa = PBXBuildFile; productRef = 86C081022E3B476C00D48056 /* Libffmpeg */; };
		86C081052E3B476C00D48056 /* MPVKit in Frameworks */ = {isa = PBXBuildFile; productRef = 86C081042E3B476C00D48056 /* MPVKit */; };
		86C081072E3B4EC600D48056 /* PlayerView.swift in Sources */ = {isa = PBXBuildFile; fileRef = 86C081062E3B4EBB00D48056 /* PlayerView.swift */; };
/* End PBXBuildFile section */

/* Begin PBXFileReference section */
		473CFB592A2DD8630076F5DD /* RTSPPlayer.app */ = {isa = PBXFileReference; explicitFileType = wrapper.application; includeInIndex = 0; path = RTSPPlayer.app; sourceTree = BUILT_PRODUCTS_DIR; };
		473CFB5C2A2DD8630076F5DD /* RTSPPlayerSUIApp.swift */ = {isa = PBXFileReference; lastKnownFileType = sourcecode.swift; path = RTSPPlayerSUIApp.swift; sourceTree = "<group>"; };
		473CFB5E2A2DD8630076F5DD /* URLListView.swift */ = {isa = PBXFileReference; lastKnownFileType = sourcecode.swift; path = URLListView.swift; sourceTree = "<group>"; };
		473CFB602A2DD8650076F5DD /* Assets.xcassets */ = {isa = PBXFileReference; lastKnownFileType = folder.assetcatalog; path = Assets.xcassets; sourceTree = "<group>"; };
		473CFB622A2DD8650076F5DD /* RTSPPlayerSUI.entitlements */ = {isa = PBXFileReference; lastKnownFileType = text.plist.entitlements; path = RTSPPlayerSUI.entitlements; sourceTree = "<group>"; };
		473CFB642A2DD8650076F5DD /* Preview Assets.xcassets */ = {isa = PBXFileReference; lastKnownFileType = folder.assetcatalog; path = "Preview Assets.xcassets"; sourceTree = "<group>"; };
		473CFB6B2A2DD8750076F5DD /* UD.swift */ = {isa = PBXFileReference; lastKnownFileType = sourcecode.swift; path = UD.swift; sourceTree = "<group>"; };
		473CFB832A2E38990076F5DD /* Utils.swift */ = {isa = PBXFileReference; lastKnownFileType = sourcecode.swift; path = Utils.swift; sourceTree = "<group>"; };
		473CFB8A2A2E49760076F5DD /* VLCPlayerView.swift */ = {isa = PBXFileReference; lastKnownFileType = sourcecode.swift; path = VLCPlayerView.swift; sourceTree = "<group>"; };
		473CFB972A2F25C50076F5DD /* RTSPPlayer-Info.plist */ = {isa = PBXFileReference; lastKnownFileType = text.plist; path = "RTSPPlayer-Info.plist"; sourceTree = "<group>"; };
		8658465C2D82B45C00A80542 /* StreamView.swift */ = {isa = PBXFileReference; lastKnownFileType = sourcecode.swift; path = StreamView.swift; sourceTree = "<group>"; };
		866525C92F6FC67400A4B9B6 /* SettingsView.swift */ = {isa = PBXFileReference; lastKnownFileType = sourcecode.swift; path = SettingsView.swift; sourceTree = "<group>"; };
		866525CB2F6FCB2A00A4B9B6 /* SettingsVC.swift */ = {isa = PBXFileReference; lastKnownFileType = sourcecode.swift; path = SettingsVC.swift; sourceTree = "<group>"; };
		86C081062E3B4EBB00D48056 /* PlayerView.swift */ = {isa = PBXFileReference; lastKnownFileType = sourcecode.swift; path = PlayerView.swift; sourceTree = "<group>"; };
/* End PBXFileReference section */

/* Begin PBXFrameworksBuildPhase section */
		473CFB562A2DD8630076F5DD /* Frameworks */ = {
			isa = PBXFrameworksBuildPhase;
			buildActionMask = 2147483647;
			files = (
				86C081052E3B476C00D48056 /* MPVKit in Frameworks */,
				86C080FF2E3B476C00D48056 /* FFmpegKit in Frameworks */,
				86C081032E3B476C00D48056 /* Libffmpeg in Frameworks */,
				86C081012E3B476C00D48056 /* LibMPV in Frameworks */,
				473CFB892A2E488E0076F5DD /* VLCKitSPM in Frameworks */,
			);
			runOnlyForDeploymentPostprocessing = 0;
		};
/* End PBXFrameworksBuildPhase section */

/* Begin PBXGroup section */
		473CFB502A2DD8630076F5DD = {
			isa = PBXGroup;
			children = (
				473CFB972A2F25C50076F5DD /* RTSPPlayer-Info.plist */,
				473CFB5B2A2DD8630076F5DD /* RTSPPlayerSUI */,
				473CFB5A2A2DD8630076F5DD /* Products */,
			);
			sourceTree = "<group>";
		};
		473CFB5A2A2DD8630076F5DD /* Products */ = {
			isa = PBXGroup;
			children = (
				473CFB592A2DD8630076F5DD /* RTSPPlayer.app */,
			);
			name = Products;
			sourceTree = "<group>";
		};
		473CFB5B2A2DD8630076F5DD /* RTSPPlayerSUI */ = {
			isa = PBXGroup;
			children = (
				473CFB5C2A2DD8630076F5DD /* RTSPPlayerSUIApp.swift */,
				473CFB6B2A2DD8750076F5DD /* UD.swift */,
				473CFB832A2E38990076F5DD /* Utils.swift */,
				866525CB2F6FCB2A00A4B9B6 /* SettingsVC.swift */,
				473CFB962A2F12570076F5DD /* Views */,
				473CFB602A2DD8650076F5DD /* Assets.xcassets */,
				473CFB622A2DD8650076F5DD /* RTSPPlayerSUI.entitlements */,
				473CFB632A2DD8650076F5DD /* Preview Content */,
			);
			path = RTSPPlayerSUI;
			sourceTree = "<group>";
		};
		473CFB632A2DD8650076F5DD /* Preview Content */ = {
			isa = PBXGroup;
			children = (
				473CFB642A2DD8650076F5DD /* Preview Assets.xcassets */,
			);
			path = "Preview Content";
			sourceTree = "<group>";
		};
		473CFB962A2F12570076F5DD /* Views */ = {
			isa = PBXGroup;
			children = (
				473CFB5E2A2DD8630076F5DD /* URLListView.swift */,
				866525C92F6FC67400A4B9B6 /* SettingsView.swift */,
				8658465C2D82B45C00A80542 /* StreamView.swift */,
				86C081062E3B4EBB00D48056 /* PlayerView.swift */,
				473CFB8A2A2E49760076F5DD /* VLCPlayerView.swift */,
			);
			path = Views;
			sourceTree = "<group>";
		};
/* End PBXGroup section */

/* Begin PBXNativeTarget section */
		473CFB582A2DD8630076F5DD /* RTSPPlayer */ = {
			isa = PBXNativeTarget;
			buildConfigurationList = 473CFB682A2DD8650076F5DD /* Build configuration list for PBXNativeTarget "RTSPPlayer" */;
			buildPhases = (
				473CFB552A2DD8630076F5DD /* Sources */,
				473CFB562A2DD8630076F5DD /* Frameworks */,
				473CFB572A2DD8630076F5DD /* Resources */,
			);
			buildRules = (
			);
			dependencies = (
			);
			name = RTSPPlayer;
			packageProductDependencies = (
				473CFB882A2E488E0076F5DD /* VLCKitSPM */,
				86C080FE2E3B476C00D48056 /* FFmpegKit */,
				86C081002E3B476C00D48056 /* LibMPV */,
				86C081022E3B476C00D48056 /* Libffmpeg */,
				86C081042E3B476C00D48056 /* MPVKit */,
			);
			productName = RTSPPlayerSUI;
			productReference = 473CFB592A2DD8630076F5DD /* RTSPPlayer.app */;
			productType = "com.apple.product-type.application";
		};
/* End PBXNativeTarget section */

/* Begin PBXProject section */
		473CFB512A2DD8630076F5DD /* Project object */ = {
			isa = PBXProject;
			attributes = {
				BuildIndependentTargetsInParallel = 1;
				LastSwiftUpdateCheck = 1430;
				LastUpgradeCheck = 2620;
				TargetAttributes = {
					473CFB582A2DD8630076F5DD = {
						CreatedOnToolsVersion = 14.3.1;
					};
				};
			};
			buildConfigurationList = 473CFB542A2DD8630076F5DD /* Build configuration list for PBXProject "RTSPPlayerSUI" */;
			compatibilityVersion = "Xcode 14.0";
			developmentRegion = en;
			hasScannedForEncodings = 0;
			knownRegions = (
				en,
				Base,
			);
			mainGroup = 473CFB502A2DD8630076F5DD;
			packageReferences = (
				473CFB872A2E488E0076F5DD /* XCRemoteSwiftPackageReference "vlckit-spm" */,
				86C080FD2E3B476C00D48056 /* XCRemoteSwiftPackageReference "MPVKit" */,
			);
			productRefGroup = 473CFB5A2A2DD8630076F5DD /* Products */;
			projectDirPath = "";
			projectRoot = "";
			targets = (
				473CFB582A2DD8630076F5DD /* RTSPPlayer */,
			);
		};
/* End PBXProject section */

/* Begin PBXResourcesBuildPhase section */
		473CFB572A2DD8630076F5DD /* Resources */ = {
			isa = PBXResourcesBuildPhase;
			buildActionMask = 2147483647;
			files = (
				473CFB652A2DD8650076F5DD /* Preview Assets.xcassets in Resources */,
				473CFB612A2DD8650076F5DD /* Assets.xcassets in Resources */,
			);
			runOnlyForDeploymentPostprocessing = 0;
		};
/* End PBXResourcesBuildPhase section */

/* Begin PBXSourcesBuildPhase section */
		473CFB552A2DD8630076F5DD /* Sources */ = {
			isa = PBXSourcesBuildPhase;
			buildActionMask = 2147483647;
			files = (
				473CFB5F2A2DD8630076F5DD /* URLListView.swift in Sources */,
				866525CA2F6FC67A00A4B9B6 /* SettingsView.swift in Sources */,
				473CFB8B2A2E49760076F5DD /* VLCPlayerView.swift in Sources */,
				86C081072E3B4EC600D48056 /* PlayerView.swift in Sources */,
				473CFB5D2A2DD8630076F5DD /* RTSPPlayerSUIApp.swift in Sources */,
				473CFB6C2A2DD8750076F5DD /* UD.swift in Sources */,
				473CFB842A2E38990076F5DD /* Utils.swift in Sources */,
				8658465D2D82B46200A80542 /* StreamView.swift in Sources */,
				866525CC2F6FCB2E00A4B9B6 /* SettingsVC.swift in Sources */,
			);
			runOnlyForDeploymentPostprocessing = 0;
		};
/* End PBXSourcesBuildPhase section */

/* Begin XCBuildConfiguration section */
		473CFB662A2DD8650076F5DD /* Debug */ = {
			isa = XCBuildConfiguration;
			buildSettings = {
				ALWAYS_SEARCH_USER_PATHS = NO;
				ASSETCATALOG_COMPILER_GENERATE_SWIFT_ASSET_SYMBOL_EXTENSIONS = YES;
				CLANG_ANALYZER_NONNULL = YES;
				CLANG_ANALYZER_NUMBER_OBJECT_CONVERSION = YES_AGGRESSIVE;
				CLANG_CXX_LANGUAGE_STANDARD = "gnu++20";
				CLANG_ENABLE_MODULES = YES;
				CLANG_ENABLE_OBJC_ARC = YES;
				CLANG_ENABLE_OBJC_WEAK = YES;
				CLANG_WARN_BLOCK_CAPTURE_AUTORELEASING = YES;
				CLANG_WARN_BOOL_CONVERSION = YES;
				CLANG_WARN_COMMA = YES;
				CLANG_WARN_CONSTANT_CONVERSION = YES;
				CLANG_WARN_DEPRECATED_OBJC_IMPLEMENTATIONS = YES;
				CLANG_WARN_DIRECT_OBJC_ISA_USAGE = YES_ERROR;
				CLANG_WARN_DOCUMENTATION_COMMENTS = YES;
				CLANG_WARN_EMPTY_BODY = YES;
				CLANG_WARN_ENUM_CONVERSION = YES;
				CLANG_WARN_INFINITE_RECURSION = YES;
				CLANG_WARN_INT_CONVERSION = YES;
				CLANG_WARN_NON_LITERAL_NULL_CONVERSION = YES;
				CLANG_WARN_OBJC_IMPLICIT_RETAIN_SELF = YES;
				CLANG_WARN_OBJC_LITERAL_CONVERSION = YES;
				CLANG_WARN_OBJC_ROOT_CLASS = YES_ERROR;
				CLANG_WARN_QUOTED_INCLUDE_IN_FRAMEWORK_HEADER = YES;
				CLANG_WARN_RANGE_LOOP_ANALYSIS = YES;
				CLANG_WARN_STRICT_PROTOTYPES = YES;
				CLANG_WARN_SUSPICIOUS_MOVE = YES;
				CLANG_WARN_UNGUARDED_AVAILABILITY = YES_AGGRESSIVE;
				CLANG_WARN_UNREACHABLE_CODE = YES;
				CLANG_WARN__DUPLICATE_METHOD_MATCH = YES;
				COPY_PHASE_STRIP = NO;
				DEAD_CODE_STRIPPING = YES;
				DEBUG_INFORMATION_FORMAT = dwarf;
				DEVELOPMENT_TEAM = 26E2Z7VDS4;
				ENABLE_STRICT_OBJC_MSGSEND = YES;
				ENABLE_TESTABILITY = YES;
				ENABLE_USER_SCRIPT_SANDBOXING = YES;
				GCC_C_LANGUAGE_STANDARD = gnu11;
				GCC_DYNAMIC_NO_PIC = NO;
				GCC_NO_COMMON_BLOCKS = YES;
				GCC_OPTIMIZATION_LEVEL = 0;
				GCC_PREPROCESSOR_DEFINITIONS = (
					"DEBUG=1",
					"$(inherited)",
				);
				GCC_WARN_64_TO_32_BIT_CONVERSION = YES;
				GCC_WARN_ABOUT_RETURN_TYPE = YES_ERROR;
				GCC_WARN_UNDECLARED_SELECTOR = YES;
				GCC_WARN_UNINITIALIZED_AUTOS = YES_AGGRESSIVE;
				GCC_WARN_UNUSED_FUNCTION = YES;
				GCC_WARN_UNUSED_VARIABLE = YES;
				MTL_ENABLE_DEBUG_INFO = INCLUDE_SOURCE;
				MTL_FAST_MATH = YES;
				ONLY_ACTIVE_ARCH = YES;
				STRING_CATALOG_GENERATE_SYMBOLS = YES;
				SWIFT_ACTIVE_COMPILATION_CONDITIONS = DEBUG;
				SWIFT_OPTIMIZATION_LEVEL = "-Onone";
			};
			name = Debug;
		};
		473CFB672A2DD8650076F5DD /* Release */ = {
			isa = XCBuildConfiguration;
			buildSettings = {
				ALWAYS_SEARCH_USER_PATHS = NO;
				ASSETCATALOG_COMPILER_GENERATE_SWIFT_ASSET_SYMBOL_EXTENSIONS = YES;
				CLANG_ANALYZER_NONNULL = YES;
				CLANG_ANALYZER_NUMBER_OBJECT_CONVERSION = YES_AGGRESSIVE;
				CLANG_CXX_LANGUAGE_STANDARD = "gnu++20";
				CLANG_ENABLE_MODULES = YES;
				CLANG_ENABLE_OBJC_ARC = YES;
				CLANG_ENABLE_OBJC_WEAK = YES;
				CLANG_WARN_BLOCK_CAPTURE_AUTORELEASING = YES;
				CLANG_WARN_BOOL_CONVERSION = YES;
				CLANG_WARN_COMMA = YES;
				CLANG_WARN_CONSTANT_CONVERSION = YES;
				CLANG_WARN_DEPRECATED_OBJC_IMPLEMENTATIONS = YES;
				CLANG_WARN_DIRECT_OBJC_ISA_USAGE = YES_ERROR;
				CLANG_WARN_DOCUMENTATION_COMMENTS = YES;
				CLANG_WARN_EMPTY_BODY = YES;
				CLANG_WARN_ENUM_CONVERSION = YES;
				CLANG_WARN_INFINITE_RECURSION = YES;
				CLANG_WARN_INT_CONVERSION = YES;
				CLANG_WARN_NON_LITERAL_NULL_CONVERSION = YES;
				CLANG_WARN_OBJC_IMPLICIT_RETAIN_SELF = YES;
				CLANG_WARN_OBJC_LITERAL_CONVERSION = YES;
				CLANG_WARN_OBJC_ROOT_CLASS = YES_ERROR;
				CLANG_WARN_QUOTED_INCLUDE_IN_FRAMEWORK_HEADER = YES;
				CLANG_WARN_RANGE_LOOP_ANALYSIS = YES;
				CLANG_WARN_STRICT_PROTOTYPES = YES;
				CLANG_WARN_SUSPICIOUS_MOVE = YES;
				CLANG_WARN_UNGUARDED_AVAILABILITY = YES_AGGRESSIVE;
				CLANG_WARN_UNREACHABLE_CODE = YES;
				CLANG_WARN__DUPLICATE_METHOD_MATCH = YES;
				COPY_PHASE_STRIP = NO;
				DEAD_CODE_STRIPPING = YES;
				DEBUG_INFORMATION_FORMAT = "dwarf-with-dsym";
				DEVELOPMENT_TEAM = 26E2Z7VDS4;
				ENABLE_NS_ASSERTIONS = NO;
				ENABLE_STRICT_OBJC_MSGSEND = YES;
				ENABLE_USER_SCRIPT_SANDBOXING = YES;
				GCC_C_LANGUAGE_STANDARD = gnu11;
				GCC_NO_COMMON_BLOCKS = YES;
				GCC_WARN_64_TO_32_BIT_CONVERSION = YES;
				GCC_WARN_ABOUT_RETURN_TYPE = YES_ERROR;
				GCC_WARN_UNDECLARED_SELECTOR = YES;
				GCC_WARN_UNINITIALIZED_AUTOS = YES_AGGRESSIVE;
				GCC_WARN_UNUSED_FUNCTION = YES;
				GCC_WARN_UNUSED_VARIABLE = YES;
				MTL_ENABLE_DEBUG_INFO = NO;
				MTL_FAST_MATH = YES;
				STRING_CATALOG_GENERATE_SYMBOLS = YES;
				SWIFT_COMPILATION_MODE = wholemodule;
				SWIFT_OPTIMIZATION_LEVEL = "-O";
			};
			name = Release;
		};
		473CFB692A2DD8650076F5DD /* Debug */ = {
			isa = XCBuildConfiguration;
			buildSettings = {
				ALLOW_TARGET_PLATFORM_SPECIALIZATION = YES;
				ASSETCATALOG_COMPILER_APPICON_NAME = AppIcon;
				ASSETCATALOG_COMPILER_GLOBAL_ACCENT_COLOR_NAME = AccentColor;
				CODE_SIGN_ENTITLEMENTS = RTSPPlayerSUI/RTSPPlayerSUI.entitlements;
				"CODE_SIGN_IDENTITY[sdk=macosx*]" = "Apple Development";
				CODE_SIGN_STYLE = Automatic;
				CURRENT_PROJECT_VERSION = 1;
				DEAD_CODE_STRIPPING = YES;
				DEVELOPMENT_ASSET_PATHS = "\"RTSPPlayerSUI/Preview Content\"";
				ENABLE_APP_SANDBOX = YES;
				ENABLE_HARDENED_RUNTIME = YES;
				ENABLE_OUTGOING_NETWORK_CONNECTIONS = YES;
				ENABLE_PREVIEWS = YES;
				ENABLE_USER_SELECTED_FILES = readonly;
				GENERATE_INFOPLIST_FILE = YES;
				INFOPLIST_FILE = "RTSPPlayer-Info.plist";
				INFOPLIST_KEY_CFBundleDisplayName = RTSPPlayer;
				INFOPLIST_KEY_LSApplicationCategoryType = "public.app-category.video";
				INFOPLIST_KEY_NSLocalNetworkUsageDescription = "This app will access your local network in order to commute with your RTSP devices.";
				"INFOPLIST_KEY_UIApplicationSceneManifest_Generation[sdk=iphoneos*]" = YES;
				"INFOPLIST_KEY_UIApplicationSceneManifest_Generation[sdk=iphonesimulator*]" = YES;
				"INFOPLIST_KEY_UIApplicationSupportsIndirectInputEvents[sdk=iphoneos*]" = YES;
				"INFOPLIST_KEY_UIApplicationSupportsIndirectInputEvents[sdk=iphonesimulator*]" = YES;
				"INFOPLIST_KEY_UILaunchScreen_Generation[sdk=iphoneos*]" = YES;
				"INFOPLIST_KEY_UILaunchScreen_Generation[sdk=iphonesimulator*]" = YES;
				"INFOPLIST_KEY_UIStatusBarStyle[sdk=iphoneos*]" = UIStatusBarStyleDefault;
				"INFOPLIST_KEY_UIStatusBarStyle[sdk=iphonesimulator*]" = UIStatusBarStyleDefault;
				INFOPLIST_KEY_UISupportedInterfaceOrientations_iPad = "UIInterfaceOrientationPortrait UIInterfaceOrientationPortraitUpsideDown UIInterfaceOrientationLandscapeLeft UIInterfaceOrientationLandscapeRight";
				INFOPLIST_KEY_UISupportedInterfaceOrientations_iPhone = "UIInterfaceOrientationPortrait UIInterfaceOrientationLandscapeLeft UIInterfaceOrientationLandscapeRight";
				IPHONEOS_DEPLOYMENT_TARGET = 17.6;
				LD_RUNPATH_SEARCH_PATHS = "@executable_path/Frameworks";
				"LD_RUNPATH_SEARCH_PATHS[sdk=macosx*]" = "@executable_path/../Frameworks";
				MACOSX_DEPLOYMENT_TARGET = 14.6;
				MARKETING_VERSION = 1.0;
				PRODUCT_BUNDLE_IDENTIFIER = net.bi119aTe5hXk.RTSPPlayer;
				PRODUCT_NAME = "$(TARGET_NAME)";
				SDKROOT = auto;
				SUPPORTED_PLATFORMS = "appletvos appletvsimulator iphoneos iphonesimulator macosx watchos watchsimulator xros xrsimulator";
				SUPPORTS_MACCATALYST = YES;
				SUPPORTS_MAC_DESIGNED_FOR_IPHONE_IPAD = YES;
				SWIFT_EMIT_LOC_STRINGS = YES;
				SWIFT_VERSION = 5.0;
				TARGETED_DEVICE_FAMILY = "1,2,3";
				TVOS_DEPLOYMENT_TARGET = 17.6;
				WATCHOS_DEPLOYMENT_TARGET = 9.1;
			};
			name = Debug;
		};
		473CFB6A2A2DD8650076F5DD /* Release */ = {
			isa = XCBuildConfiguration;
			buildSettings = {
				ALLOW_TARGET_PLATFORM_SPECIALIZATION = YES;
				ASSETCATALOG_COMPILER_APPICON_NAME = AppIcon;
				ASSETCATALOG_COMPILER_GLOBAL_ACCENT_COLOR_NAME = AccentColor;
				CODE_SIGN_ENTITLEMENTS = RTSPPlayerSUI/RTSPPlayerSUI.entitlements;
				"CODE_SIGN_IDENTITY[sdk=macosx*]" = "Apple Development";
				CODE_SIGN_STYLE = Automatic;
				CURRENT_PROJECT_VERSION = 1;
				DEAD_CODE_STRIPPING = YES;
				DEVELOPMENT_ASSET_PATHS = "\"RTSPPlayerSUI/Preview Content\"";
				ENABLE_APP_SANDBOX = YES;
				ENABLE_HARDENED_RUNTIME = YES;
				ENABLE_OUTGOING_NETWORK_CONNECTIONS = YES;
				ENABLE_PREVIEWS = YES;
				ENABLE_USER_SELECTED_FILES = readonly;
				GENERATE_INFOPLIST_FILE = YES;
				INFOPLIST_FILE = "RTSPPlayer-Info.plist";
				INFOPLIST_KEY_CFBundleDisplayName = RTSPPlayer;
				INFOPLIST_KEY_LSApplicationCategoryType = "public.app-category.video";
				INFOPLIST_KEY_NSLocalNetworkUsageDescription = "This app will access your local network in order to commute with your RTSP devices.";
				"INFOPLIST_KEY_UIApplicationSceneManifest_Generation[sdk=iphoneos*]" = YES;
				"INFOPLIST_KEY_UIApplicationSceneManifest_Generation[sdk=iphonesimulator*]" = YES;
				"INFOPLIST_KEY_UIApplicationSupportsIndirectInputEvents[sdk=iphoneos*]" = YES;
				"INFOPLIST_KEY_UIApplicationSupportsIndirectInputEvents[sdk=iphonesimulator*]" = YES;
				"INFOPLIST_KEY_UILaunchScreen_Generation[sdk=iphoneos*]" = YES;
				"INFOPLIST_KEY_UILaunchScreen_Generation[sdk=iphonesimulator*]" = YES;
				"INFOPLIST_KEY_UIStatusBarStyle[sdk=iphoneos*]" = UIStatusBarStyleDefault;
				"INFOPLIST_KEY_UIStatusBarStyle[sdk=iphonesimulator*]" = UIStatusBarStyleDefault;
				INFOPLIST_KEY_UISupportedInterfaceOrientations_iPad = "UIInterfaceOrientationPortrait UIInterfaceOrientationPortraitUpsideDown UIInterfaceOrientationLandscapeLeft UIInterfaceOrientationLandscapeRight";
				INFOPLIST_KEY_UISupportedInterfaceOrientations_iPhone = "UIInterfaceOrientationPortrait UIInterfaceOrientationLandscapeLeft UIInterfaceOrientationLandscapeRight";
				IPHONEOS_DEPLOYMENT_TARGET = 17.6;
				LD_RUNPATH_SEARCH_PATHS = "@executable_path/Frameworks";
				"LD_RUNPATH_SEARCH_PATHS[sdk=macosx*]" = "@executable_path/../Frameworks";
				MACOSX_DEPLOYMENT_TARGET = 14.6;
				MARKETING_VERSION = 1.0;
				PRODUCT_BUNDLE_IDENTIFIER = net.bi119aTe5hXk.RTSPPlayer;
				PRODUCT_NAME = "$(TARGET_NAME)";
				SDKROOT = auto;
				SUPPORTED_PLATFORMS = "appletvos appletvsimulator iphoneos iphonesimulator macosx watchos watchsimulator xros xrsimulator";
				SUPPORTS_MACCATALYST = YES;
				SUPPORTS_MAC_DESIGNED_FOR_IPHONE_IPAD = YES;
				SWIFT_EMIT_LOC_STRINGS = YES;
				SWIFT_VERSION = 5.0;
				TARGETED_DEVICE_FAMILY = "1,2,3";
				TVOS_DEPLOYMENT_TARGET = 17.6;
				WATCHOS_DEPLOYMENT_TARGET = 9.1;
			};
			name = Release;
		};
/* End XCBuildConfiguration section */

/* Begin XCConfigurationList section */
		473CFB542A2DD8630076F5DD /* Build configuration list for PBXProject "RTSPPlayerSUI" */ = {
			isa = XCConfigurationList;
			buildConfigurations = (
				473CFB662A2DD8650076F5DD /* Debug */,
				473CFB672A2DD8650076F5DD /* Release */,
			);
			defaultConfigurationIsVisible = 0;
			defaultConfigurationName = Release;
		};
		473CFB682A2DD8650076F5DD /* Build configuration list for PBXNativeTarget "RTSPPlayer" */ = {
			isa = XCConfigurationList;
			buildConfigurations = (
				473CFB692A2DD8650076F5DD /* Debug */,
				473CFB6A2A2DD8650076F5DD /* Release */,
			);
			defaultConfigurationIsVisible = 0;
			defaultConfigurationName = Release;
		};
/* End XCConfigurationList section */

/* Begin XCRemoteSwiftPackageReference section */
		473CFB872A2E488E0076F5DD /* XCRemoteSwiftPackageReference "vlckit-spm" */ = {
			isa = XCRemoteSwiftPackageReference;
			repositoryURL = "https://github.com/tylerjonesio/vlckit-spm";
			requirement = {
				branch = main;
				kind = branch;
			};
		};
		86C080FD2E3B476C00D48056 /* XCRemoteSwiftPackageReference "MPVKit" */ = {
			isa = XCRemoteSwiftPackageReference;
			repositoryURL = "https://github.com/karelrooted/MPVKit";
			requirement = {
				branch = main;
				kind = branch;
			};
		};
/* End XCRemoteSwiftPackageReference section */

/* Begin XCSwiftPackageProductDependency section */
		473CFB882A2E488E0076F5DD /* VLCKitSPM */ = {
			isa = XCSwiftPackageProductDependency;
			package = 473CFB872A2E488E0076F5DD /* XCRemoteSwiftPackageReference "vlckit-spm" */;
			productName = VLCKitSPM;
		};
		86C080FE2E3B476C00D48056 /* FFmpegKit */ = {
			isa = XCSwiftPackageProductDependency;
			package = 86C080FD2E3B476C00D48056 /* XCRemoteSwiftPackageReference "MPVKit" */;
			productName = FFmpegKit;
		};
		86C081002E3B476C00D48056 /* LibMPV */ = {
			isa = XCSwiftPackageProductDependency;
			package = 86C080FD2E3B476C00D48056 /* XCRemoteSwiftPackageReference "MPVKit" */;
			productName = LibMPV;
		};
		86C081022E3B476C00D48056 /* Libffmpeg */ = {
			isa = XCSwiftPackageProductDependency;
			package = 86C080FD2E3B476C00D48056 /* XCRemoteSwiftPackageReference "MPVKit" */;
			productName = Libffmpeg;
		};
		86C081042E3B476C00D48056 /* MPVKit */ = {
			isa = XCSwiftPackageProductDependency;
			package = 86C080FD2E3B476C00D48056 /* XCRemoteSwiftPackageReference "MPVKit" */;
			productName = MPVKit;
		};
/* End XCSwiftPackageProductDependency section */
	};
	rootObject = 473CFB512A2DD8630076F5DD /* Project object */;
}
