// !$*UTF8*$!
{
	archiveVersion = 1;
	classes = {
	};
	objectVersion = 56;
	objects = {

/* Begin PBXBuildFile section */
		1FC9831965BD431FE6B0CB1E /* libPods-RTSP4Player.a in Frameworks */ = {isa = PBXBuildFile; fileRef = D119B1EAF325FDDEE2530510 /* libPods-RTSP4Player.a */; };
		4724DBBC2A1F208900137F05 /* AppDelegate.swift in Sources */ = {isa = PBXBuildFile; fileRef = 4724DBBB2A1F208900137F05 /* AppDelegate.swift */; };
		4724DBBE2A1F208900137F05 /* StreamViewController.swift in Sources */ = {isa = PBXBuildFile; fileRef = 4724DBBD2A1F208900137F05 /* StreamViewController.swift */; };
		4724DBC12A1F208900137F05 /* Main.storyboard in Resources */ = {isa = PBXBuildFile; fileRef = 4724DBBF2A1F208900137F05 /* Main.storyboard */; };
		4724DBC32A1F208B00137F05 /* Assets.xcassets in Resources */ = {isa = PBXBuildFile; fileRef = 4724DBC22A1F208B00137F05 /* Assets.xcassets */; };
		4724DBC62A1F208B00137F05 /* LaunchScreen.storyboard in Resources */ = {isa = PBXBuildFile; fileRef = 4724DBC42A1F208B00137F05 /* LaunchScreen.storyboard */; };
		4761DB3F2A208422000810B3 /* SettingViewController.swift in Sources */ = {isa = PBXBuildFile; fileRef = 4761DB3E2A208422000810B3 /* SettingViewController.swift */; };
/* End PBXBuildFile section */

/* Begin PBXFileReference section */
		4724DBB82A1F208900137F05 /* RTSP4Player.app */ = {isa = PBXFileReference; explicitFileType = wrapper.application; includeInIndex = 0; path = RTSP4Player.app; sourceTree = BUILT_PRODUCTS_DIR; };
		4724DBBB2A1F208900137F05 /* AppDelegate.swift */ = {isa = PBXFileReference; lastKnownFileType = sourcecode.swift; path = AppDelegate.swift; sourceTree = "<group>"; };
		4724DBBD2A1F208900137F05 /* StreamViewController.swift */ = {isa = PBXFileReference; lastKnownFileType = sourcecode.swift; path = StreamViewController.swift; sourceTree = "<group>"; };
		4724DBC02A1F208900137F05 /* Base */ = {isa = PBXFileReference; lastKnownFileType = file.storyboard; name = Base; path = Base.lproj/Main.storyboard; sourceTree = "<group>"; };
		4724DBC22A1F208B00137F05 /* Assets.xcassets */ = {isa = PBXFileReference; lastKnownFileType = folder.assetcatalog; path = Assets.xcassets; sourceTree = "<group>"; };
		4724DBC52A1F208B00137F05 /* Base */ = {isa = PBXFileReference; lastKnownFileType = file.storyboard; name = Base; path = Base.lproj/LaunchScreen.storyboard; sourceTree = "<group>"; };
		4761DB3E2A208422000810B3 /* SettingViewController.swift */ = {isa = PBXFileReference; lastKnownFileType = sourcecode.swift; path = SettingViewController.swift; sourceTree = "<group>"; };
		479C1C192A1F33F5001E96E1 /* Info.plist */ = {isa = PBXFileReference; lastKnownFileType = text.plist; path = Info.plist; sourceTree = "<group>"; };
		B7C6FD0A82E4F4E069DEBC89 /* Pods-RTSP4Player.release.xcconfig */ = {isa = PBXFileReference; includeInIndex = 1; lastKnownFileType = text.xcconfig; name = "Pods-RTSP4Player.release.xcconfig"; path = "Target Support Files/Pods-RTSP4Player/Pods-RTSP4Player.release.xcconfig"; sourceTree = "<group>"; };
		D119B1EAF325FDDEE2530510 /* libPods-RTSP4Player.a */ = {isa = PBXFileReference; explicitFileType = archive.ar; includeInIndex = 0; path = "libPods-RTSP4Player.a"; sourceTree = BUILT_PRODUCTS_DIR; };
		F09CA44B6BD7EB95C6846764 /* Pods-RTSP4Player.debug.xcconfig */ = {isa = PBXFileReference; includeInIndex = 1; lastKnownFileType = text.xcconfig; name = "Pods-RTSP4Player.debug.xcconfig"; path = "Target Support Files/Pods-RTSP4Player/Pods-RTSP4Player.debug.xcconfig"; sourceTree = "<group>"; };
/* End PBXFileReference section */

/* Begin PBXFrameworksBuildPhase section */
		4724DBB52A1F208900137F05 /* Frameworks */ = {
			isa = PBXFrameworksBuildPhase;
			buildActionMask = 2147483647;
			files = (
				1FC9831965BD431FE6B0CB1E /* libPods-RTSP4Player.a in Frameworks */,
			);
			runOnlyForDeploymentPostprocessing = 0;
		};
/* End PBXFrameworksBuildPhase section */

/* Begin PBXGroup section */
		4724DBAF2A1F208900137F05 = {
			isa = PBXGroup;
			children = (
				4724DBBA2A1F208900137F05 /* RTSP4Player */,
				4724DBB92A1F208900137F05 /* Products */,
				B1DFAFBB0E116AF0331F27DA /* Pods */,
				6D48266C933B5FB7FA1B8038 /* Frameworks */,
			);
			sourceTree = "<group>";
		};
		4724DBB92A1F208900137F05 /* Products */ = {
			isa = PBXGroup;
			children = (
				4724DBB82A1F208900137F05 /* RTSP4Player.app */,
			);
			name = Products;
			sourceTree = "<group>";
		};
		4724DBBA2A1F208900137F05 /* RTSP4Player */ = {
			isa = PBXGroup;
			children = (
				479C1C192A1F33F5001E96E1 /* Info.plist */,
				4724DBBB2A1F208900137F05 /* AppDelegate.swift */,
				4761DB3E2A208422000810B3 /* SettingViewController.swift */,
				4724DBBD2A1F208900137F05 /* StreamViewController.swift */,
				4724DBBF2A1F208900137F05 /* Main.storyboard */,
				4724DBC22A1F208B00137F05 /* Assets.xcassets */,
				4724DBC42A1F208B00137F05 /* LaunchScreen.storyboard */,
			);
			path = RTSP4Player;
			sourceTree = "<group>";
		};
		6D48266C933B5FB7FA1B8038 /* Frameworks */ = {
			isa = PBXGroup;
			children = (
				D119B1EAF325FDDEE2530510 /* libPods-RTSP4Player.a */,
			);
			name = Frameworks;
			sourceTree = "<group>";
		};
		B1DFAFBB0E116AF0331F27DA /* Pods */ = {
			isa = PBXGroup;
			children = (
				F09CA44B6BD7EB95C6846764 /* Pods-RTSP4Player.debug.xcconfig */,
				B7C6FD0A82E4F4E069DEBC89 /* Pods-RTSP4Player.release.xcconfig */,
			);
			path = Pods;
			sourceTree = "<group>";
		};
/* End PBXGroup section */

/* Begin PBXNativeTarget section */
		4724DBB72A1F208900137F05 /* RTSP4Player */ = {
			isa = PBXNativeTarget;
			buildConfigurationList = 4724DBC92A1F208B00137F05 /* Build configuration list for PBXNativeTarget "RTSP4Player" */;
			buildPhases = (
				B0CA013A9850EA3EC3EDAA1E /* [CP] Check Pods Manifest.lock */,
				4724DBB42A1F208900137F05 /* Sources */,
				4724DBB52A1F208900137F05 /* Frameworks */,
				4724DBB62A1F208900137F05 /* Resources */,
				0E2D9B38B8A0C136A2AA8E8C /* [CP] Embed Pods Frameworks */,
			);
			buildRules = (
			);
			dependencies = (
			);
			name = RTSP4Player;
			productName = RTSP4Player;
			productReference = 4724DBB82A1F208900137F05 /* RTSP4Player.app */;
			productType = "com.apple.product-type.application";
		};
/* End PBXNativeTarget section */

/* Begin PBXProject section */
		4724DBB02A1F208900137F05 /* Project object */ = {
			isa = PBXProject;
			attributes = {
				BuildIndependentTargetsInParallel = 1;
				LastSwiftUpdateCheck = 1430;
				LastUpgradeCheck = 1430;
				TargetAttributes = {
					4724DBB72A1F208900137F05 = {
						CreatedOnToolsVersion = 14.3;
					};
				};
			};
			buildConfigurationList = 4724DBB32A1F208900137F05 /* Build configuration list for PBXProject "RTSP4Player" */;
			compatibilityVersion = "Xcode 14.0";
			developmentRegion = en;
			hasScannedForEncodings = 0;
			knownRegions = (
				en,
				Base,
			);
			mainGroup = 4724DBAF2A1F208900137F05;
			productRefGroup = 4724DBB92A1F208900137F05 /* Products */;
			projectDirPath = "";
			projectRoot = "";
			targets = (
				4724DBB72A1F208900137F05 /* RTSP4Player */,
			);
		};
/* End PBXProject section */

/* Begin PBXResourcesBuildPhase section */
		4724DBB62A1F208900137F05 /* Resources */ = {
			isa = PBXResourcesBuildPhase;
			buildActionMask = 2147483647;
			files = (
				4724DBC62A1F208B00137F05 /* LaunchScreen.storyboard in Resources */,
				4724DBC32A1F208B00137F05 /* Assets.xcassets in Resources */,
				4724DBC12A1F208900137F05 /* Main.storyboard in Resources */,
			);
			runOnlyForDeploymentPostprocessing = 0;
		};
/* End PBXResourcesBuildPhase section */

/* Begin PBXShellScriptBuildPhase section */
		0E2D9B38B8A0C136A2AA8E8C /* [CP] Embed Pods Frameworks */ = {
			isa = PBXShellScriptBuildPhase;
			buildActionMask = 2147483647;
			files = (
			);
			inputFileListPaths = (
				"${PODS_ROOT}/Target Support Files/Pods-RTSP4Player/Pods-RTSP4Player-frameworks-${CONFIGURATION}-input-files.xcfilelist",
			);
			name = "[CP] Embed Pods Frameworks";
			outputFileListPaths = (
				"${PODS_ROOT}/Target Support Files/Pods-RTSP4Player/Pods-RTSP4Player-frameworks-${CONFIGURATION}-output-files.xcfilelist",
			);
			runOnlyForDeploymentPostprocessing = 0;
			shellPath = /bin/sh;
			shellScript = "\"${PODS_ROOT}/Target Support Files/Pods-RTSP4Player/Pods-RTSP4Player-frameworks.sh\"\n";
			showEnvVarsInLog = 0;
		};
		B0CA013A9850EA3EC3EDAA1E /* [CP] Check Pods Manifest.lock */ = {
			isa = PBXShellScriptBuildPhase;
			buildActionMask = 2147483647;
			files = (
			);
			inputFileListPaths = (
			);
			inputPaths = (
				"${PODS_PODFILE_DIR_PATH}/Podfile.lock",
				"${PODS_ROOT}/Manifest.lock",
			);
			name = "[CP] Check Pods Manifest.lock";
			outputFileListPaths = (
			);
			outputPaths = (
				"$(DERIVED_FILE_DIR)/Pods-RTSP4Player-checkManifestLockResult.txt",
			);
			runOnlyForDeploymentPostprocessing = 0;
			shellPath = /bin/sh;
			shellScript = "diff \"${PODS_PODFILE_DIR_PATH}/Podfile.lock\" \"${PODS_ROOT}/Manifest.lock\" > /dev/null\nif [ $? != 0 ] ; then\n    # print error to STDERR\n    echo \"error: The sandbox is not in sync with the Podfile.lock. Run 'pod install' or update your CocoaPods installation.\" >&2\n    exit 1\nfi\n# This output is used by Xcode 'outputs' to avoid re-running this script phase.\necho \"SUCCESS\" > \"${SCRIPT_OUTPUT_FILE_0}\"\n";
			showEnvVarsInLog = 0;
		};
/* End PBXShellScriptBuildPhase section */

/* Begin PBXSourcesBuildPhase section */
		4724DBB42A1F208900137F05 /* Sources */ = {
			isa = PBXSourcesBuildPhase;
			buildActionMask = 2147483647;
			files = (
				4724DBBE2A1F208900137F05 /* StreamViewController.swift in Sources */,
				4724DBBC2A1F208900137F05 /* AppDelegate.swift in Sources */,
				4761DB3F2A208422000810B3 /* SettingViewController.swift in Sources */,
			);
			runOnlyForDeploymentPostprocessing = 0;
		};
/* End PBXSourcesBuildPhase section */

/* Begin PBXVariantGroup section */
		4724DBBF2A1F208900137F05 /* Main.storyboard */ = {
			isa = PBXVariantGroup;
			children = (
				4724DBC02A1F208900137F05 /* Base */,
			);
			name = Main.storyboard;
			sourceTree = "<group>";
		};
		4724DBC42A1F208B00137F05 /* LaunchScreen.storyboard */ = {
			isa = PBXVariantGroup;
			children = (
				4724DBC52A1F208B00137F05 /* Base */,
			);
			name = LaunchScreen.storyboard;
			sourceTree = "<group>";
		};
/* End PBXVariantGroup section */

/* Begin XCBuildConfiguration section */
		4724DBC72A1F208B00137F05 /* Debug */ = {
			isa = XCBuildConfiguration;
			buildSettings = {
				ALWAYS_SEARCH_USER_PATHS = NO;
				CLANG_ANALYZER_NONNULL = YES;
				CLANG_ANALYZER_NUMBER_OBJECT_CONVERSION = YES_AGGRESSIVE;
				CLANG_CXX_LANGUAGE_STANDARD = "gnu++20";
				CLANG_ENABLE_MODULES = YES;
				CLANG_ENABLE_OBJC_ARC = YES;
				CLANG_ENABLE_OBJC_WEAK = YES;
				CLANG_WARN_BLOCK_CAPTURE_AUTORELEASING = YES;
				CLANG_WARN_BOOL_CONVERSION = YES;
				CLANG_WARN_COMMA = YES;
				CLANG_WARN_CONSTANT_CONVERSION = YES;
				CLANG_WARN_DEPRECATED_OBJC_IMPLEMENTATIONS = YES;
				CLANG_WARN_DIRECT_OBJC_ISA_USAGE = YES_ERROR;
				CLANG_WARN_DOCUMENTATION_COMMENTS = YES;
				CLANG_WARN_EMPTY_BODY = YES;
				CLANG_WARN_ENUM_CONVERSION = YES;
				CLANG_WARN_INFINITE_RECURSION = YES;
				CLANG_WARN_INT_CONVERSION = YES;
				CLANG_WARN_NON_LITERAL_NULL_CONVERSION = YES;
				CLANG_WARN_OBJC_IMPLICIT_RETAIN_SELF = YES;
				CLANG_WARN_OBJC_LITERAL_CONVERSION = YES;
				CLANG_WARN_OBJC_ROOT_CLASS = YES_ERROR;
				CLANG_WARN_QUOTED_INCLUDE_IN_FRAMEWORK_HEADER = YES;
				CLANG_WARN_RANGE_LOOP_ANALYSIS = YES;
				CLANG_WARN_STRICT_PROTOTYPES = YES;
				CLANG_WARN_SUSPICIOUS_MOVE = YES;
				CLANG_WARN_UNGUARDED_AVAILABILITY = YES_AGGRESSIVE;
				CLANG_WARN_UNREACHABLE_CODE = YES;
				CLANG_WARN__DUPLICATE_METHOD_MATCH = YES;
				COPY_PHASE_STRIP = NO;
				DEBUG_INFORMATION_FORMAT = dwarf;
				ENABLE_STRICT_OBJC_MSGSEND = YES;
				ENABLE_TESTABILITY = YES;
				GCC_C_LANGUAGE_STANDARD = gnu11;
				GCC_DYNAMIC_NO_PIC = NO;
				GCC_NO_COMMON_BLOCKS = YES;
				GCC_OPTIMIZATION_LEVEL = 0;
				GCC_PREPROCESSOR_DEFINITIONS = (
					"DEBUG=1",
					"$(inherited)",
				);
				GCC_WARN_64_TO_32_BIT_CONVERSION = YES;
				GCC_WARN_ABOUT_RETURN_TYPE = YES_ERROR;
				GCC_WARN_UNDECLARED_SELECTOR = YES;
				GCC_WARN_UNINITIALIZED_AUTOS = YES_AGGRESSIVE;
				GCC_WARN_UNUSED_FUNCTION = YES;
				GCC_WARN_UNUSED_VARIABLE = YES;
				MTL_ENABLE_DEBUG_INFO = INCLUDE_SOURCE;
				MTL_FAST_MATH = YES;
				ONLY_ACTIVE_ARCH = YES;
				SDKROOT = appletvos;
				SWIFT_ACTIVE_COMPILATION_CONDITIONS = DEBUG;
				SWIFT_OPTIMIZATION_LEVEL = "-Onone";
				TVOS_DEPLOYMENT_TARGET = 16.4;
			};
			name = Debug;
		};
		4724DBC82A1F208B00137F05 /* Release */ = {
			isa = XCBuildConfiguration;
			buildSettings = {
				ALWAYS_SEARCH_USER_PATHS = NO;
				CLANG_ANALYZER_NONNULL = YES;
				CLANG_ANALYZER_NUMBER_OBJECT_CONVERSION = YES_AGGRESSIVE;
				CLANG_CXX_LANGUAGE_STANDARD = "gnu++20";
				CLANG_ENABLE_MODULES = YES;
				CLANG_ENABLE_OBJC_ARC = YES;
				CLANG_ENABLE_OBJC_WEAK = YES;
				CLANG_WARN_BLOCK_CAPTURE_AUTORELEASING = YES;
				CLANG_WARN_BOOL_CONVERSION = YES;
				CLANG_WARN_COMMA = YES;
				CLANG_WARN_CONSTANT_CONVERSION = YES;
				CLANG_WARN_DEPRECATED_OBJC_IMPLEMENTATIONS = YES;
				CLANG_WARN_DIRECT_OBJC_ISA_USAGE = YES_ERROR;
				CLANG_WARN_DOCUMENTATION_COMMENTS = YES;
				CLANG_WARN_EMPTY_BODY = YES;
				CLANG_WARN_ENUM_CONVERSION = YES;
				CLANG_WARN_INFINITE_RECURSION = YES;
				CLANG_WARN_INT_CONVERSION = YES;
				CLANG_WARN_NON_LITERAL_NULL_CONVERSION = YES;
				CLANG_WARN_OBJC_IMPLICIT_RETAIN_SELF = YES;
				CLANG_WARN_OBJC_LITERAL_CONVERSION = YES;
				CLANG_WARN_OBJC_ROOT_CLASS = YES_ERROR;
				CLANG_WARN_QUOTED_INCLUDE_IN_FRAMEWORK_HEADER = YES;
				CLANG_WARN_RANGE_LOOP_ANALYSIS = YES;
				CLANG_WARN_STRICT_PROTOTYPES = YES;
				CLANG_WARN_SUSPICIOUS_MOVE = YES;
				CLANG_WARN_UNGUARDED_AVAILABILITY = YES_AGGRESSIVE;
				CLANG_WARN_UNREACHABLE_CODE = YES;
				CLANG_WARN__DUPLICATE_METHOD_MATCH = YES;
				COPY_PHASE_STRIP = NO;
				DEBUG_INFORMATION_FORMAT = "dwarf-with-dsym";
				ENABLE_NS_ASSERTIONS = NO;
				ENABLE_STRICT_OBJC_MSGSEND = YES;
				GCC_C_LANGUAGE_STANDARD = gnu11;
				GCC_NO_COMMON_BLOCKS = YES;
				GCC_WARN_64_TO_32_BIT_CONVERSION = YES;
				GCC_WARN_ABOUT_RETURN_TYPE = YES_ERROR;
				GCC_WARN_UNDECLARED_SELECTOR = YES;
				GCC_WARN_UNINITIALIZED_AUTOS = YES_AGGRESSIVE;
				GCC_WARN_UNUSED_FUNCTION = YES;
				GCC_WARN_UNUSED_VARIABLE = YES;
				MTL_ENABLE_DEBUG_INFO = NO;
				MTL_FAST_MATH = YES;
				SDKROOT = appletvos;
				SWIFT_COMPILATION_MODE = wholemodule;
				SWIFT_OPTIMIZATION_LEVEL = "-O";
				TVOS_DEPLOYMENT_TARGET = 16.4;
				VALIDATE_PRODUCT = YES;
			};
			name = Release;
		};
		4724DBCA2A1F208B00137F05 /* Debug */ = {
			isa = XCBuildConfiguration;
			baseConfigurationReference = F09CA44B6BD7EB95C6846764 /* Pods-RTSP4Player.debug.xcconfig */;
			buildSettings = {
				ASSETCATALOG_COMPILER_APPICON_NAME = "App Icon & Top Shelf Image";
				ASSETCATALOG_COMPILER_GLOBAL_ACCENT_COLOR_NAME = AccentColor;
				CODE_SIGN_STYLE = Automatic;
				CURRENT_PROJECT_VERSION = 1;
				DEVELOPMENT_TEAM = HR66SGQEZ4;
				GENERATE_INFOPLIST_FILE = YES;
				INFOPLIST_FILE = RTSP4Player/Info.plist;
				INFOPLIST_KEY_UILaunchStoryboardName = LaunchScreen;
				INFOPLIST_KEY_UIMainStoryboardFile = Main;
				INFOPLIST_KEY_UIUserInterfaceStyle = Automatic;
				LD_RUNPATH_SEARCH_PATHS = (
					"$(inherited)",
					"@executable_path/Frameworks",
				);
				MARKETING_VERSION = 1.0;
				PRODUCT_BUNDLE_IDENTIFIER = net.bi119aTe5hXk.RTSP4Player;
				PRODUCT_NAME = "$(TARGET_NAME)";
				SWIFT_EMIT_LOC_STRINGS = YES;
				SWIFT_VERSION = 5.0;
				TARGETED_DEVICE_FAMILY = 3;
			};
			name = Debug;
		};
		4724DBCB2A1F208B00137F05 /* Release */ = {
			isa = XCBuildConfiguration;
			baseConfigurationReference = B7C6FD0A82E4F4E069DEBC89 /* Pods-RTSP4Player.release.xcconfig */;
			buildSettings = {
				ASSETCATALOG_COMPILER_APPICON_NAME = "App Icon & Top Shelf Image";
				ASSETCATALOG_COMPILER_GLOBAL_ACCENT_COLOR_NAME = AccentColor;
				CODE_SIGN_STYLE = Automatic;
				CURRENT_PROJECT_VERSION = 1;
				DEVELOPMENT_TEAM = HR66SGQEZ4;
				GENERATE_INFOPLIST_FILE = YES;
				INFOPLIST_FILE = RTSP4Player/Info.plist;
				INFOPLIST_KEY_UILaunchStoryboardName = LaunchScreen;
				INFOPLIST_KEY_UIMainStoryboardFile = Main;
				INFOPLIST_KEY_UIUserInterfaceStyle = Automatic;
				LD_RUNPATH_SEARCH_PATHS = (
					"$(inherited)",
					"@executable_path/Frameworks",
				);
				MARKETING_VERSION = 1.0;
				PRODUCT_BUNDLE_IDENTIFIER = net.bi119aTe5hXk.RTSP4Player;
				PRODUCT_NAME = "$(TARGET_NAME)";
				SWIFT_EMIT_LOC_STRINGS = YES;
				SWIFT_VERSION = 5.0;
				TARGETED_DEVICE_FAMILY = 3;
			};
			name = Release;
		};
/* End XCBuildConfiguration section */

/* Begin XCConfigurationList section */
		4724DBB32A1F208900137F05 /* Build configuration list for PBXProject "RTSP4Player" */ = {
			isa = XCConfigurationList;
			buildConfigurations = (
				4724DBC72A1F208B00137F05 /* Debug */,
				4724DBC82A1F208B00137F05 /* Release */,
			);
			defaultConfigurationIsVisible = 0;
			defaultConfigurationName = Release;
		};
		4724DBC92A1F208B00137F05 /* Build configuration list for PBXNativeTarget "RTSP4Player" */ = {
			isa = XCConfigurationList;
			buildConfigurations = (
				4724DBCA2A1F208B00137F05 /* Debug */,
				4724DBCB2A1F208B00137F05 /* Release */,
			);
			defaultConfigurationIsVisible = 0;
			defaultConfigurationName = Release;
		};
/* End XCConfigurationList section */
	};
	rootObject = 4724DBB02A1F208900137F05 /* Project object */;
}
