{
  "originHash" : "294b5443f2fd75dbed7a00528cc25cb27baf812b2346df53611fbd2af4f2803d",
  "pins" : [
    {
      "identity" : "vlckit-spm",
      "kind" : "remoteSourceControl",
      "location" : "https://github.com/tylerjonesio/vlckit-spm",
      "state" : {
        "branch" : "main",
        "revision" : "e932bbd488872fdb74f6654d28c2f291eae03daf"
      }
    }
  ],
  "version" : 3
}
